
Microsoft Visual Studio Solution File, Format Version 12.00
# Visual Studio Version 16
VisualStudioVersion = 16.0.30225.117
MinimumVisualStudioVersion = 10.0.40219.1
Project("{FAE04EC0-301F-11D3-BF4B-00C04F79EFBC}") = "schedule-voter-back", "schedule-voter-back.csproj", "{85F71C60-8144-4938-ADB0-F9B4683B7276}"
EndProject
Global
	GlobalSection(SolutionConfigurationPlatforms) = preSolution
		Debug|Any CPU = Debug|Any CPU
		Release|Any CPU = Release|Any CPU
	EndGlobalSection
	GlobalSection(ProjectConfigurationPlatforms) = postSolution
		{85F71C60-8144-4938-ADB0-F9B4683B7276}.Debug|Any CPU.ActiveCfg = Debug|Any CPU
		{85F71C60-8144-4938-ADB0-F9B4683B7276}.Debug|Any CPU.Build.0 = Debug|Any CPU
		{85F71C60-8144-4938-ADB0-F9B4683B7276}.Release|Any CPU.ActiveCfg = Release|Any CPU
		{85F71C60-8144-4938-ADB0-F9B4683B7276}.Release|Any CPU.Build.0 = Release|Any CPU
	EndGlobalSection
	GlobalSection(SolutionProperties) = preSolution
		HideSolutionNode = FALSE
	EndGlobalSection
	GlobalSection(ExtensibilityGlobals) = postSolution
		SolutionGuid = {9E779A13-7AE7-4C92-9AF8-7EE2AC26FF29}
	EndGlobalSection
EndGlobal
